// !$*UTF8*$!
{
	archiveVersion = 1;
	classes = {
	};
	objectVersion = 51;
	objects = {

/* Begin PBXBuildFile section */
		118813709087B0387AE5BBD2 /* Pods_triafriends.framework in Frameworks */ = {isa = PBXBuildFile; fileRef = 25CEB9BD7686CFA6CF69CE94 /* Pods_triafriends.framework */; };
		7F25BEF22551EF98006932BC /* RKPage.swift in Sources */ = {isa = PBXBuildFile; fileRef = 7F25BEEF2551EF98006932BC /* RKPage.swift */; };
		7F25BEF32551EF98006932BC /* RKPageView.swift in Sources */ = {isa = PBXBuildFile; fileRef = 7F25BEF02551EF98006932BC /* RKPageView.swift */; };
		7F25BEF42551EF98006932BC /* RKWeeklyPage.swift in Sources */ = {isa = PBXBuildFile; fileRef = 7F25BEF12551EF98006932BC /* RKWeeklyPage.swift */; };
		7F25BF022551EFC5006932BC /* RKMonth.swift in Sources */ = {isa = PBXBuildFile; fileRef = 7F25BEF72551EFC4006932BC /* RKMonth.swift */; };
		7F25BF032551EFC5006932BC /* RKWeekdayHeader.swift in Sources */ = {isa = PBXBuildFile; fileRef = 7F25BEF82551EFC4006932BC /* RKWeekdayHeader.swift */; };
		7F25BF042551EFC5006932BC /* RKCell.swift in Sources */ = {isa = PBXBuildFile; fileRef = 7F25BEF92551EFC5006932BC /* RKCell.swift */; };
		7F25BF052551EFC5006932BC /* RKManager.swift in Sources */ = {isa = PBXBuildFile; fileRef = 7F25BEFA2551EFC5006932BC /* RKManager.swift */; };
		7F25BF062551EFC5006932BC /* RKColorSettings.swift in Sources */ = {isa = PBXBuildFile; fileRef = 7F25BEFB2551EFC5006932BC /* RKColorSettings.swift */; };
		7F25BF072551EFC5006932BC /* RKHoursMinutesPicker.swift in Sources */ = {isa = PBXBuildFile; fileRef = 7F25BEFC2551EFC5006932BC /* RKHoursMinutesPicker.swift */; };
		7F25BF082551EFC5006932BC /* RKViewController.swift in Sources */ = {isa = PBXBuildFile; fileRef = 7F25BEFD2551EFC5006932BC /* RKViewController.swift */; };
		7F25BF092551EFC5006932BC /* RKMonthHeader.swift in Sources */ = {isa = PBXBuildFile; fileRef = 7F25BEFE2551EFC5006932BC /* RKMonthHeader.swift */; };
		7F25BF0A2551EFC5006932BC /* RKDate.swift in Sources */ = {isa = PBXBuildFile; fileRef = 7F25BEFF2551EFC5006932BC /* RKDate.swift */; };
		7F25BF0B2551EFC5006932BC /* RKSelectionMode.swift in Sources */ = {isa = PBXBuildFile; fileRef = 7F25BF002551EFC5006932BC /* RKSelectionMode.swift */; };
		7F25BF0C2551EFC5006932BC /* RKTimeView.swift in Sources */ = {isa = PBXBuildFile; fileRef = 7F25BF012551EFC5006932BC /* RKTimeView.swift */; };
		8D4A70A02548166E004035A0 /* FirestoreController.swift in Sources */ = {isa = PBXBuildFile; fileRef = 8D4A709F2548166E004035A0 /* FirestoreController.swift */; };
		8D71830E2548D4D00004E139 /* RealtimeDBController.swift in Sources */ = {isa = PBXBuildFile; fileRef = 8D71830D2548D4D00004E139 /* RealtimeDBController.swift */; };
		8D99A43825416E67006FF45A /* ContentView.swift in Sources */ = {isa = PBXBuildFile; fileRef = 8D99A43725416E67006FF45A /* ContentView.swift */; };
		8D99A43A25416E6A006FF45A /* Assets.xcassets in Resources */ = {isa = PBXBuildFile; fileRef = 8D99A43925416E6A006FF45A /* Assets.xcassets */; };
		8D99A43D25416E6A006FF45A /* Preview Assets.xcassets in Resources */ = {isa = PBXBuildFile; fileRef = 8D99A43C25416E6A006FF45A /* Preview Assets.xcassets */; };
		8D99A43F25416E6A006FF45A /* Persistence.swift in Sources */ = {isa = PBXBuildFile; fileRef = 8D99A43E25416E6A006FF45A /* Persistence.swift */; };
		8D99A44225416E6A006FF45A /* triafriends.xcdatamodeld in Sources */ = {isa = PBXBuildFile; fileRef = 8D99A44025416E6A006FF45A /* triafriends.xcdatamodeld */; };
		8D99A44D25416E85006FF45A /* CloudKit.framework in Frameworks */ = {isa = PBXBuildFile; fileRef = 8D99A44C25416E85006FF45A /* CloudKit.framework */; };
		C0236FAE2548FCED004A1635 /* ListAllView.swift in Sources */ = {isa = PBXBuildFile; fileRef = C0236FAD2548FCED004A1635 /* ListAllView.swift */; };
		C04A0AB12546BA8400C5EC19 /* GoogleService-Info.plist in Resources */ = {isa = PBXBuildFile; fileRef = C04A0AB02546BA8300C5EC19 /* GoogleService-Info.plist */; };
		C0792B292542DB9800A40B69 /* TriageListView.swift in Sources */ = {isa = PBXBuildFile; fileRef = C0792B282542DB9800A40B69 /* TriageListView.swift */; };
		C0792B2D2542DBDD00A40B69 /* AccountData.swift in Sources */ = {isa = PBXBuildFile; fileRef = C0792B2B2542DBDD00A40B69 /* AccountData.swift */; };
		C0792B2E2542DBDD00A40B69 /* Triage.swift in Sources */ = {isa = PBXBuildFile; fileRef = C0792B2C2542DBDD00A40B69 /* Triage.swift */; };
		C0792B312542DC1200A40B69 /* ReportView.swift in Sources */ = {isa = PBXBuildFile; fileRef = C0792B302542DC1200A40B69 /* ReportView.swift */; };
		C0792B362542DD9300A40B69 /* AddView.swift in Sources */ = {isa = PBXBuildFile; fileRef = C0792B352542DD9300A40B69 /* AddView.swift */; };
		C0792B392542DD9C00A40B69 /* AccountView.swift in Sources */ = {isa = PBXBuildFile; fileRef = C0792B382542DD9C00A40B69 /* AccountView.swift */; };
		C0792B3C2542DDAE00A40B69 /* MainView.swift in Sources */ = {isa = PBXBuildFile; fileRef = C0792B3B2542DDAE00A40B69 /* MainView.swift */; };
		C08AAAD92543C7B40001AFEA /* PatientDetailView.swift in Sources */ = {isa = PBXBuildFile; fileRef = C08AAAD82543C7B40001AFEA /* PatientDetailView.swift */; };
		C08AAADD2543E57F0001AFEA /* NameCensor.swift in Sources */ = {isa = PBXBuildFile; fileRef = C08AAADC2543E57E0001AFEA /* NameCensor.swift */; };
		C09BABA82542844A00C985AA /* DataModel.swift in Sources */ = {isa = PBXBuildFile; fileRef = C09BABA72542844A00C985AA /* DataModel.swift */; };
		C09BABAC2542893900C985AA /* Algorithm.swift in Sources */ = {isa = PBXBuildFile; fileRef = C09BABAB2542893900C985AA /* Algorithm.swift */; };
		C0AA0D5825529D1500D9FD1D /* QuestionModel.swift in Sources */ = {isa = PBXBuildFile; fileRef = C0AA0D5625529D1400D9FD1D /* QuestionModel.swift */; };
		C0AA0D5925529D1500D9FD1D /* HexToColor.swift in Sources */ = {isa = PBXBuildFile; fileRef = C0AA0D5725529D1400D9FD1D /* HexToColor.swift */; };
		C0AA0D9225529EE100D9FD1D /* QuestionList.swift in Sources */ = {isa = PBXBuildFile; fileRef = C0AA0D8E25529EE000D9FD1D /* QuestionList.swift */; };
		C0AA0D9325529EE100D9FD1D /* PatientNameInput.swift in Sources */ = {isa = PBXBuildFile; fileRef = C0AA0D8F25529EE100D9FD1D /* PatientNameInput.swift */; };
		C0AA0D9425529EE100D9FD1D /* CloseButton.swift in Sources */ = {isa = PBXBuildFile; fileRef = C0AA0D9025529EE100D9FD1D /* CloseButton.swift */; };
		C0AA0D9525529EE100D9FD1D /* OptionsCell.swift in Sources */ = {isa = PBXBuildFile; fileRef = C0AA0D9125529EE100D9FD1D /* OptionsCell.swift */; };
		C0AA0D9625529EE100D9FD1D /* PatientNumberInput.swift in Sources */ = {isa = PBXBuildFile; fileRef = C0AA0D8D25529EE000D9FD1D /* PatientNumberInput.swift */; };
		C0AA0D9725529EE100D9FD1D /* TempView.swift in Sources */ = {isa = PBXBuildFile; fileRef = C0AA0D8C25529EE000D9FD1D /* TempView.swift */; };
		C0AA0D9B25529F1500D9FD1D /* TriageViewModel.swift in Sources */ = {isa = PBXBuildFile; fileRef = C0AA0D9A25529F1500D9FD1D /* TriageViewModel.swift */; };
		C0DF559325502ACB00F5A761 /* Profile.swift in Sources */ = {isa = PBXBuildFile; fileRef = C0DF559225502ACB00F5A761 /* Profile.swift */; };
		C0DF56252551202600F5A761 /* NewHistoryView.swift in Sources */ = {isa = PBXBuildFile; fileRef = C0DF56222551202600F5A761 /* NewHistoryView.swift */; };
		C0DF56262551202600F5A761 /* PieChart.swift in Sources */ = {isa = PBXBuildFile; fileRef = C0DF56232551202600F5A761 /* PieChart.swift */; };
		C0DF56272551202600F5A761 /* PieChartCellModels.swift in Sources */ = {isa = PBXBuildFile; fileRef = C0DF56242551202600F5A761 /* PieChartCellModels.swift */; };
		C0DF563E255121B600F5A761 /* PieChartCell.swift in Sources */ = {isa = PBXBuildFile; fileRef = C0DF563D255121B600F5A761 /* PieChartCell.swift */; };
		C0E147B02545828000189E2E /* Interface.swift in Sources */ = {isa = PBXBuildFile; fileRef = C0E147AF2545828000189E2E /* Interface.swift */; };
		C0E147C5254588F900189E2E /* NunitoSans-ExtraBold.ttf in Resources */ = {isa = PBXBuildFile; fileRef = C0E147B6254588F800189E2E /* NunitoSans-ExtraBold.ttf */; };
		C0E147C7254588F900189E2E /* NunitoSans-Regular.ttf in Resources */ = {isa = PBXBuildFile; fileRef = C0E147B8254588F800189E2E /* NunitoSans-Regular.ttf */; };
		C0E147C9254588F900189E2E /* NunitoSans-SemiBold.ttf in Resources */ = {isa = PBXBuildFile; fileRef = C0E147BA254588F800189E2E /* NunitoSans-SemiBold.ttf */; };
		C0E147CB254588F900189E2E /* NunitoSans-Black.ttf in Resources */ = {isa = PBXBuildFile; fileRef = C0E147BC254588F900189E2E /* NunitoSans-Black.ttf */; };
		C0E147CC254588F900189E2E /* NunitoSans-Bold.ttf in Resources */ = {isa = PBXBuildFile; fileRef = C0E147BD254588F900189E2E /* NunitoSans-Bold.ttf */; };
/* End PBXBuildFile section */

/* Begin PBXFileReference section */
		062E80ABC5839FF5E3B82C40 /* Pods-triafriends.release.xcconfig */ = {isa = PBXFileReference; includeInIndex = 1; lastKnownFileType = text.xcconfig; name = "Pods-triafriends.release.xcconfig"; path = "Target Support Files/Pods-triafriends/Pods-triafriends.release.xcconfig"; sourceTree = "<group>"; };
		25CEB9BD7686CFA6CF69CE94 /* Pods_triafriends.framework */ = {isa = PBXFileReference; explicitFileType = wrapper.framework; includeInIndex = 0; path = Pods_triafriends.framework; sourceTree = BUILT_PRODUCTS_DIR; };
		4C6127170F74B0721A47E023 /* Pods-triafriends.debug.xcconfig */ = {isa = PBXFileReference; includeInIndex = 1; lastKnownFileType = text.xcconfig; name = "Pods-triafriends.debug.xcconfig"; path = "Target Support Files/Pods-triafriends/Pods-triafriends.debug.xcconfig"; sourceTree = "<group>"; };
		7F25BEEF2551EF98006932BC /* RKPage.swift */ = {isa = PBXFileReference; fileEncoding = 4; lastKnownFileType = sourcecode.swift; path = RKPage.swift; sourceTree = "<group>"; };
		7F25BEF02551EF98006932BC /* RKPageView.swift */ = {isa = PBXFileReference; fileEncoding = 4; lastKnownFileType = sourcecode.swift; path = RKPageView.swift; sourceTree = "<group>"; };
		7F25BEF12551EF98006932BC /* RKWeeklyPage.swift */ = {isa = PBXFileReference; fileEncoding = 4; lastKnownFileType = sourcecode.swift; path = RKWeeklyPage.swift; sourceTree = "<group>"; };
		7F25BEF72551EFC4006932BC /* RKMonth.swift */ = {isa = PBXFileReference; fileEncoding = 4; lastKnownFileType = sourcecode.swift; path = RKMonth.swift; sourceTree = "<group>"; };
		7F25BEF82551EFC4006932BC /* RKWeekdayHeader.swift */ = {isa = PBXFileReference; fileEncoding = 4; lastKnownFileType = sourcecode.swift; path = RKWeekdayHeader.swift; sourceTree = "<group>"; };
		7F25BEF92551EFC5006932BC /* RKCell.swift */ = {isa = PBXFileReference; fileEncoding = 4; lastKnownFileType = sourcecode.swift; path = RKCell.swift; sourceTree = "<group>"; };
		7F25BEFA2551EFC5006932BC /* RKManager.swift */ = {isa = PBXFileReference; fileEncoding = 4; lastKnownFileType = sourcecode.swift; path = RKManager.swift; sourceTree = "<group>"; };
		7F25BEFB2551EFC5006932BC /* RKColorSettings.swift */ = {isa = PBXFileReference; fileEncoding = 4; lastKnownFileType = sourcecode.swift; path = RKColorSettings.swift; sourceTree = "<group>"; };
		7F25BEFC2551EFC5006932BC /* RKHoursMinutesPicker.swift */ = {isa = PBXFileReference; fileEncoding = 4; lastKnownFileType = sourcecode.swift; path = RKHoursMinutesPicker.swift; sourceTree = "<group>"; };
		7F25BEFD2551EFC5006932BC /* RKViewController.swift */ = {isa = PBXFileReference; fileEncoding = 4; lastKnownFileType = sourcecode.swift; path = RKViewController.swift; sourceTree = "<group>"; };
		7F25BEFE2551EFC5006932BC /* RKMonthHeader.swift */ = {isa = PBXFileReference; fileEncoding = 4; lastKnownFileType = sourcecode.swift; path = RKMonthHeader.swift; sourceTree = "<group>"; };
		7F25BEFF2551EFC5006932BC /* RKDate.swift */ = {isa = PBXFileReference; fileEncoding = 4; lastKnownFileType = sourcecode.swift; path = RKDate.swift; sourceTree = "<group>"; };
		7F25BF002551EFC5006932BC /* RKSelectionMode.swift */ = {isa = PBXFileReference; fileEncoding = 4; lastKnownFileType = sourcecode.swift; path = RKSelectionMode.swift; sourceTree = "<group>"; };
		7F25BF012551EFC5006932BC /* RKTimeView.swift */ = {isa = PBXFileReference; fileEncoding = 4; lastKnownFileType = sourcecode.swift; path = RKTimeView.swift; sourceTree = "<group>"; };
		8D4A709F2548166E004035A0 /* FirestoreController.swift */ = {isa = PBXFileReference; lastKnownFileType = sourcecode.swift; path = FirestoreController.swift; sourceTree = "<group>"; };
		8D71830D2548D4D00004E139 /* RealtimeDBController.swift */ = {isa = PBXFileReference; lastKnownFileType = sourcecode.swift; path = RealtimeDBController.swift; sourceTree = "<group>"; };
		8D99A43225416E67006FF45A /* triafriends.app */ = {isa = PBXFileReference; explicitFileType = wrapper.application; includeInIndex = 0; path = triafriends.app; sourceTree = BUILT_PRODUCTS_DIR; };
		8D99A43725416E67006FF45A /* ContentView.swift */ = {isa = PBXFileReference; lastKnownFileType = sourcecode.swift; path = ContentView.swift; sourceTree = "<group>"; };
		8D99A43925416E6A006FF45A /* Assets.xcassets */ = {isa = PBXFileReference; lastKnownFileType = folder.assetcatalog; path = Assets.xcassets; sourceTree = "<group>"; };
		8D99A43C25416E6A006FF45A /* Preview Assets.xcassets */ = {isa = PBXFileReference; lastKnownFileType = folder.assetcatalog; path = "Preview Assets.xcassets"; sourceTree = "<group>"; };
		8D99A43E25416E6A006FF45A /* Persistence.swift */ = {isa = PBXFileReference; lastKnownFileType = sourcecode.swift; path = Persistence.swift; sourceTree = "<group>"; };
		8D99A44125416E6A006FF45A /* triafriends.xcdatamodel */ = {isa = PBXFileReference; lastKnownFileType = wrapper.xcdatamodel; path = triafriends.xcdatamodel; sourceTree = "<group>"; };
		8D99A44325416E6A006FF45A /* Info.plist */ = {isa = PBXFileReference; lastKnownFileType = text.plist.xml; path = Info.plist; sourceTree = "<group>"; };
		8D99A44A25416E7A006FF45A /* triafriends.entitlements */ = {isa = PBXFileReference; lastKnownFileType = text.plist.entitlements; path = triafriends.entitlements; sourceTree = "<group>"; };
		8D99A44C25416E85006FF45A /* CloudKit.framework */ = {isa = PBXFileReference; lastKnownFileType = wrapper.framework; name = CloudKit.framework; path = System/Library/Frameworks/CloudKit.framework; sourceTree = SDKROOT; };
		C0236FAD2548FCED004A1635 /* ListAllView.swift */ = {isa = PBXFileReference; lastKnownFileType = sourcecode.swift; path = ListAllView.swift; sourceTree = "<group>"; };
		C04A0AB02546BA8300C5EC19 /* GoogleService-Info.plist */ = {isa = PBXFileReference; fileEncoding = 4; lastKnownFileType = text.plist.xml; path = "GoogleService-Info.plist"; sourceTree = "<group>"; };
		C0792B282542DB9800A40B69 /* TriageListView.swift */ = {isa = PBXFileReference; fileEncoding = 4; lastKnownFileType = sourcecode.swift; path = TriageListView.swift; sourceTree = "<group>"; };
		C0792B2B2542DBDD00A40B69 /* AccountData.swift */ = {isa = PBXFileReference; fileEncoding = 4; lastKnownFileType = sourcecode.swift; path = AccountData.swift; sourceTree = "<group>"; };
		C0792B2C2542DBDD00A40B69 /* Triage.swift */ = {isa = PBXFileReference; fileEncoding = 4; lastKnownFileType = sourcecode.swift; path = Triage.swift; sourceTree = "<group>"; };
		C0792B302542DC1200A40B69 /* ReportView.swift */ = {isa = PBXFileReference; fileEncoding = 4; lastKnownFileType = sourcecode.swift; path = ReportView.swift; sourceTree = "<group>"; };
		C0792B352542DD9300A40B69 /* AddView.swift */ = {isa = PBXFileReference; fileEncoding = 4; lastKnownFileType = sourcecode.swift; path = AddView.swift; sourceTree = "<group>"; };
		C0792B382542DD9C00A40B69 /* AccountView.swift */ = {isa = PBXFileReference; fileEncoding = 4; lastKnownFileType = sourcecode.swift; path = AccountView.swift; sourceTree = "<group>"; };
		C0792B3B2542DDAE00A40B69 /* MainView.swift */ = {isa = PBXFileReference; fileEncoding = 4; lastKnownFileType = sourcecode.swift; path = MainView.swift; sourceTree = "<group>"; };
		C08AAAD82543C7B40001AFEA /* PatientDetailView.swift */ = {isa = PBXFileReference; lastKnownFileType = sourcecode.swift; path = PatientDetailView.swift; sourceTree = "<group>"; };
		C08AAADC2543E57E0001AFEA /* NameCensor.swift */ = {isa = PBXFileReference; lastKnownFileType = sourcecode.swift; path = NameCensor.swift; sourceTree = "<group>"; };
		C09BABA72542844A00C985AA /* DataModel.swift */ = {isa = PBXFileReference; lastKnownFileType = sourcecode.swift; path = DataModel.swift; sourceTree = "<group>"; };
		C09BABAB2542893900C985AA /* Algorithm.swift */ = {isa = PBXFileReference; lastKnownFileType = sourcecode.swift; path = Algorithm.swift; sourceTree = "<group>"; };
		C0AA0D5625529D1400D9FD1D /* QuestionModel.swift */ = {isa = PBXFileReference; fileEncoding = 4; lastKnownFileType = sourcecode.swift; path = QuestionModel.swift; sourceTree = "<group>"; };
		C0AA0D5725529D1400D9FD1D /* HexToColor.swift */ = {isa = PBXFileReference; fileEncoding = 4; lastKnownFileType = sourcecode.swift; path = HexToColor.swift; sourceTree = "<group>"; };
		C0AA0D8C25529EE000D9FD1D /* TempView.swift */ = {isa = PBXFileReference; lastKnownFileType = sourcecode.swift; path = TempView.swift; sourceTree = "<group>"; };
		C0AA0D8D25529EE000D9FD1D /* PatientNumberInput.swift */ = {isa = PBXFileReference; lastKnownFileType = sourcecode.swift; path = PatientNumberInput.swift; sourceTree = "<group>"; };
		C0AA0D8E25529EE000D9FD1D /* QuestionList.swift */ = {isa = PBXFileReference; lastKnownFileType = sourcecode.swift; path = QuestionList.swift; sourceTree = "<group>"; };
		C0AA0D8F25529EE100D9FD1D /* PatientNameInput.swift */ = {isa = PBXFileReference; lastKnownFileType = sourcecode.swift; path = PatientNameInput.swift; sourceTree = "<group>"; };
		C0AA0D9025529EE100D9FD1D /* CloseButton.swift */ = {isa = PBXFileReference; lastKnownFileType = sourcecode.swift; path = CloseButton.swift; sourceTree = "<group>"; };
		C0AA0D9125529EE100D9FD1D /* OptionsCell.swift */ = {isa = PBXFileReference; lastKnownFileType = sourcecode.swift; path = OptionsCell.swift; sourceTree = "<group>"; };
		C0AA0D9A25529F1500D9FD1D /* TriageViewModel.swift */ = {isa = PBXFileReference; lastKnownFileType = sourcecode.swift; path = TriageViewModel.swift; sourceTree = "<group>"; };
		C0DF559225502ACB00F5A761 /* Profile.swift */ = {isa = PBXFileReference; lastKnownFileType = sourcecode.swift; path = Profile.swift; sourceTree = "<group>"; };
		C0DF56222551202600F5A761 /* NewHistoryView.swift */ = {isa = PBXFileReference; fileEncoding = 4; lastKnownFileType = sourcecode.swift; path = NewHistoryView.swift; sourceTree = "<group>"; };
		C0DF56232551202600F5A761 /* PieChart.swift */ = {isa = PBXFileReference; fileEncoding = 4; lastKnownFileType = sourcecode.swift; path = PieChart.swift; sourceTree = "<group>"; };
		C0DF56242551202600F5A761 /* PieChartCellModels.swift */ = {isa = PBXFileReference; fileEncoding = 4; lastKnownFileType = sourcecode.swift; path = PieChartCellModels.swift; sourceTree = "<group>"; };
		C0DF563D255121B600F5A761 /* PieChartCell.swift */ = {isa = PBXFileReference; fileEncoding = 4; lastKnownFileType = sourcecode.swift; path = PieChartCell.swift; sourceTree = "<group>"; };
		C0E147AF2545828000189E2E /* Interface.swift */ = {isa = PBXFileReference; lastKnownFileType = sourcecode.swift; path = Interface.swift; sourceTree = "<group>"; };
		C0E147B6254588F800189E2E /* NunitoSans-ExtraBold.ttf */ = {isa = PBXFileReference; lastKnownFileType = file; path = "NunitoSans-ExtraBold.ttf"; sourceTree = "<group>"; };
		C0E147B8254588F800189E2E /* NunitoSans-Regular.ttf */ = {isa = PBXFileReference; lastKnownFileType = file; path = "NunitoSans-Regular.ttf"; sourceTree = "<group>"; };
		C0E147BA254588F800189E2E /* NunitoSans-SemiBold.ttf */ = {isa = PBXFileReference; lastKnownFileType = file; path = "NunitoSans-SemiBold.ttf"; sourceTree = "<group>"; };
		C0E147BC254588F900189E2E /* NunitoSans-Black.ttf */ = {isa = PBXFileReference; lastKnownFileType = file; path = "NunitoSans-Black.ttf"; sourceTree = "<group>"; };
		C0E147BD254588F900189E2E /* NunitoSans-Bold.ttf */ = {isa = PBXFileReference; lastKnownFileType = file; path = "NunitoSans-Bold.ttf"; sourceTree = "<group>"; };
/* End PBXFileReference section */

/* Begin PBXFrameworksBuildPhase section */
		8D99A42F25416E67006FF45A /* Frameworks */ = {
			isa = PBXFrameworksBuildPhase;
			buildActionMask = 2147483647;
			files = (
				8D99A44D25416E85006FF45A /* CloudKit.framework in Frameworks */,
				118813709087B0387AE5BBD2 /* Pods_triafriends.framework in Frameworks */,
			);
			runOnlyForDeploymentPostprocessing = 0;
		};
/* End PBXFrameworksBuildPhase section */

/* Begin PBXGroup section */
		7F25BED72551E4BD006932BC /* Manager */ = {
			isa = PBXGroup;
			children = (
				7F25BEF92551EFC5006932BC /* RKCell.swift */,
				7F25BEFB2551EFC5006932BC /* RKColorSettings.swift */,
				7F25BEFF2551EFC5006932BC /* RKDate.swift */,
				7F25BEFC2551EFC5006932BC /* RKHoursMinutesPicker.swift */,
				7F25BEFA2551EFC5006932BC /* RKManager.swift */,
				7F25BEF72551EFC4006932BC /* RKMonth.swift */,
				7F25BEFE2551EFC5006932BC /* RKMonthHeader.swift */,
				7F25BF002551EFC5006932BC /* RKSelectionMode.swift */,
				7F25BF012551EFC5006932BC /* RKTimeView.swift */,
				7F25BEFD2551EFC5006932BC /* RKViewController.swift */,
				7F25BEF82551EFC4006932BC /* RKWeekdayHeader.swift */,
				7F25BEEE2551EF98006932BC /* RKScroll */,
			);
			path = Manager;
			sourceTree = "<group>";
		};
		7F25BEEE2551EF98006932BC /* RKScroll */ = {
			isa = PBXGroup;
			children = (
				7F25BEEF2551EF98006932BC /* RKPage.swift */,
				7F25BEF02551EF98006932BC /* RKPageView.swift */,
				7F25BEF12551EF98006932BC /* RKWeeklyPage.swift */,
			);
			path = RKScroll;
			sourceTree = "<group>";
		};
		8D99A42925416E67006FF45A = {
			isa = PBXGroup;
			children = (
				8D99A43425416E67006FF45A /* triafriends */,
				8D99A43325416E67006FF45A /* Products */,
				8D99A44B25416E85006FF45A /* Frameworks */,
				A5A4AE79377C23CE2773A94C /* Pods */,
			);
			sourceTree = "<group>";
		};
		8D99A43325416E67006FF45A /* Products */ = {
			isa = PBXGroup;
			children = (
				8D99A43225416E67006FF45A /* triafriends.app */,
			);
			name = Products;
			sourceTree = "<group>";
		};
		8D99A43425416E67006FF45A /* triafriends */ = {
			isa = PBXGroup;
			children = (
				8D99A44A25416E7A006FF45A /* triafriends.entitlements */,
				8D99A43925416E6A006FF45A /* Assets.xcassets */,
				8D99A43E25416E6A006FF45A /* Persistence.swift */,
				C0AA0D9A25529F1500D9FD1D /* TriageViewModel.swift */,
				C04A0AB02546BA8300C5EC19 /* GoogleService-Info.plist */,
				8D99A44325416E6A006FF45A /* Info.plist */,
				7F25BED72551E4BD006932BC /* Manager */,
				C0E147B3254588BF00189E2E /* UI */,
				C08AAAE02543E5B10001AFEA /* Helper */,
				8D99A44F254181FC006FF45A /* views */,
				C09BABAA254288D000C985AA /* Model */,
				8D99A43B25416E6A006FF45A /* Preview Content */,
			);
			path = triafriends;
			sourceTree = "<group>";
		};
		8D99A43B25416E6A006FF45A /* Preview Content */ = {
			isa = PBXGroup;
			children = (
				8D99A44025416E6A006FF45A /* triafriends.xcdatamodeld */,
				8D99A43C25416E6A006FF45A /* Preview Assets.xcassets */,
			);
			path = "Preview Content";
			sourceTree = "<group>";
		};
		8D99A44B25416E85006FF45A /* Frameworks */ = {
			isa = PBXGroup;
			children = (
				8D99A44C25416E85006FF45A /* CloudKit.framework */,
				25CEB9BD7686CFA6CF69CE94 /* Pods_triafriends.framework */,
			);
			name = Frameworks;
			sourceTree = "<group>";
		};
		8D99A44F254181FC006FF45A /* views */ = {
			isa = PBXGroup;
			children = (
				C0792B352542DD9300A40B69 /* AddView.swift */,
				C0DF563D255121B600F5A761 /* PieChartCell.swift */,
				C0AA0D9025529EE100D9FD1D /* CloseButton.swift */,
				C0AA0D9125529EE100D9FD1D /* OptionsCell.swift */,
				C0AA0D8F25529EE100D9FD1D /* PatientNameInput.swift */,
				C0AA0D8D25529EE000D9FD1D /* PatientNumberInput.swift */,
				C0AA0D8E25529EE000D9FD1D /* QuestionList.swift */,
				C0AA0D8C25529EE000D9FD1D /* TempView.swift */,
				C0DF56222551202600F5A761 /* NewHistoryView.swift */,
				C0DF56232551202600F5A761 /* PieChart.swift */,
				C0792B3B2542DDAE00A40B69 /* MainView.swift */,
				C0792B282542DB9800A40B69 /* TriageListView.swift */,
				C0236FAD2548FCED004A1635 /* ListAllView.swift */,
				C0DF559225502ACB00F5A761 /* Profile.swift */,
				C0792B302542DC1200A40B69 /* ReportView.swift */,
				C08AAAD82543C7B40001AFEA /* PatientDetailView.swift */,
				C0792B382542DD9C00A40B69 /* AccountView.swift */,
				8D99A43725416E67006FF45A /* ContentView.swift */,
			);
			path = views;
			sourceTree = "<group>";
		};
		A5A4AE79377C23CE2773A94C /* Pods */ = {
			isa = PBXGroup;
			children = (
				4C6127170F74B0721A47E023 /* Pods-triafriends.debug.xcconfig */,
				062E80ABC5839FF5E3B82C40 /* Pods-triafriends.release.xcconfig */,
			);
			path = Pods;
			sourceTree = "<group>";
		};
		C08AAAE02543E5B10001AFEA /* Helper */ = {
			isa = PBXGroup;
			children = (
				C09BABAB2542893900C985AA /* Algorithm.swift */,
				C08AAADC2543E57E0001AFEA /* NameCensor.swift */,
				8D4A709F2548166E004035A0 /* FirestoreController.swift */,
				8D71830D2548D4D00004E139 /* RealtimeDBController.swift */,
			);
			path = Helper;
			sourceTree = "<group>";
		};
		C09BABAA254288D000C985AA /* Model */ = {
			isa = PBXGroup;
			children = (
				C0AA0D5725529D1400D9FD1D /* HexToColor.swift */,
				C0AA0D5625529D1400D9FD1D /* QuestionModel.swift */,
				C09BABA72542844A00C985AA /* DataModel.swift */,
				C0DF56242551202600F5A761 /* PieChartCellModels.swift */,
				C0792B2C2542DBDD00A40B69 /* Triage.swift */,
				C0792B2B2542DBDD00A40B69 /* AccountData.swift */,
			);
			path = Model;
			sourceTree = "<group>";
		};
		C0E147B3254588BF00189E2E /* UI */ = {
			isa = PBXGroup;
			children = (
				C0E147AF2545828000189E2E /* Interface.swift */,
				C0E147B4254588DD00189E2E /* Fonts */,
			);
			path = UI;
			sourceTree = "<group>";
		};
		C0E147B4254588DD00189E2E /* Fonts */ = {
			isa = PBXGroup;
			children = (
				C0E147BC254588F900189E2E /* NunitoSans-Black.ttf */,
				C0E147BD254588F900189E2E /* NunitoSans-Bold.ttf */,
				C0E147B6254588F800189E2E /* NunitoSans-ExtraBold.ttf */,
				C0E147B8254588F800189E2E /* NunitoSans-Regular.ttf */,
				C0E147BA254588F800189E2E /* NunitoSans-SemiBold.ttf */,
			);
			path = Fonts;
			sourceTree = "<group>";
		};
/* End PBXGroup section */

/* Begin PBXNativeTarget section */
		8D99A43125416E67006FF45A /* triafriends */ = {
			isa = PBXNativeTarget;
			buildConfigurationList = 8D99A44625416E6A006FF45A /* Build configuration list for PBXNativeTarget "triafriends" */;
			buildPhases = (
				E19B1F7A086FAE1FD7FCF810 /* [CP] Check Pods Manifest.lock */,
				8D99A42E25416E67006FF45A /* Sources */,
				8D99A42F25416E67006FF45A /* Frameworks */,
				8D99A43025416E67006FF45A /* Resources */,
				A9C5E5592D065216F0F3BC5D /* [CP] Embed Pods Frameworks */,
			);
			buildRules = (
			);
			dependencies = (
			);
			name = triafriends;
			productName = triafriends;
			productReference = 8D99A43225416E67006FF45A /* triafriends.app */;
			productType = "com.apple.product-type.application";
		};
/* End PBXNativeTarget section */

/* Begin PBXProject section */
		8D99A42A25416E67006FF45A /* Project object */ = {
			isa = PBXProject;
			attributes = {
				LastSwiftUpdateCheck = 1210;
				LastUpgradeCheck = 1210;
				TargetAttributes = {
					8D99A43125416E67006FF45A = {
						CreatedOnToolsVersion = 12.1;
					};
				};
			};
			buildConfigurationList = 8D99A42D25416E67006FF45A /* Build configuration list for PBXProject "triafriends" */;
			compatibilityVersion = "Xcode 9.3";
			developmentRegion = en;
			hasScannedForEncodings = 0;
			knownRegions = (
				en,
				Base,
			);
			mainGroup = 8D99A42925416E67006FF45A;
			productRefGroup = 8D99A43325416E67006FF45A /* Products */;
			projectDirPath = "";
			projectRoot = "";
			targets = (
				8D99A43125416E67006FF45A /* triafriends */,
			);
		};
/* End PBXProject section */

/* Begin PBXResourcesBuildPhase section */
		8D99A43025416E67006FF45A /* Resources */ = {
			isa = PBXResourcesBuildPhase;
			buildActionMask = 2147483647;
			files = (
				C0E147C5254588F900189E2E /* NunitoSans-ExtraBold.ttf in Resources */,
				C0E147C9254588F900189E2E /* NunitoSans-SemiBold.ttf in Resources */,
				C0E147C7254588F900189E2E /* NunitoSans-Regular.ttf in Resources */,
				C0E147CB254588F900189E2E /* NunitoSans-Black.ttf in Resources */,
				8D99A43D25416E6A006FF45A /* Preview Assets.xcassets in Resources */,
				C04A0AB12546BA8400C5EC19 /* GoogleService-Info.plist in Resources */,
				C0E147CC254588F900189E2E /* NunitoSans-Bold.ttf in Resources */,
				8D99A43A25416E6A006FF45A /* Assets.xcassets in Resources */,
			);
			runOnlyForDeploymentPostprocessing = 0;
		};
/* End PBXResourcesBuildPhase section */

/* Begin PBXShellScriptBuildPhase section */
		A9C5E5592D065216F0F3BC5D /* [CP] Embed Pods Frameworks */ = {
			isa = PBXShellScriptBuildPhase;
			buildActionMask = 2147483647;
			files = (
			);
			inputFileListPaths = (
				"${PODS_ROOT}/Target Support Files/Pods-triafriends/Pods-triafriends-frameworks-${CONFIGURATION}-input-files.xcfilelist",
			);
			name = "[CP] Embed Pods Frameworks";
			outputFileListPaths = (
				"${PODS_ROOT}/Target Support Files/Pods-triafriends/Pods-triafriends-frameworks-${CONFIGURATION}-output-files.xcfilelist",
			);
			runOnlyForDeploymentPostprocessing = 0;
			shellPath = /bin/sh;
			shellScript = "\"${PODS_ROOT}/Target Support Files/Pods-triafriends/Pods-triafriends-frameworks.sh\"\n";
			showEnvVarsInLog = 0;
		};
		E19B1F7A086FAE1FD7FCF810 /* [CP] Check Pods Manifest.lock */ = {
			isa = PBXShellScriptBuildPhase;
			buildActionMask = 2147483647;
			files = (
			);
			inputFileListPaths = (
			);
			inputPaths = (
				"${PODS_PODFILE_DIR_PATH}/Podfile.lock",
				"${PODS_ROOT}/Manifest.lock",
			);
			name = "[CP] Check Pods Manifest.lock";
			outputFileListPaths = (
			);
			outputPaths = (
				"$(DERIVED_FILE_DIR)/Pods-triafriends-checkManifestLockResult.txt",
			);
			runOnlyForDeploymentPostprocessing = 0;
			shellPath = /bin/sh;
			shellScript = "diff \"${PODS_PODFILE_DIR_PATH}/Podfile.lock\" \"${PODS_ROOT}/Manifest.lock\" > /dev/null\nif [ $? != 0 ] ; then\n    # print error to STDERR\n    echo \"error: The sandbox is not in sync with the Podfile.lock. Run 'pod install' or update your CocoaPods installation.\" >&2\n    exit 1\nfi\n# This output is used by Xcode 'outputs' to avoid re-running this script phase.\necho \"SUCCESS\" > \"${SCRIPT_OUTPUT_FILE_0}\"\n";
			showEnvVarsInLog = 0;
		};
/* End PBXShellScriptBuildPhase section */

/* Begin PBXSourcesBuildPhase section */
		8D99A42E25416E67006FF45A /* Sources */ = {
			isa = PBXSourcesBuildPhase;
			buildActionMask = 2147483647;
			files = (
				C0AA0D9B25529F1500D9FD1D /* TriageViewModel.swift in Sources */,
				7F25BEF32551EF98006932BC /* RKPageView.swift in Sources */,
				7F25BEF22551EF98006932BC /* RKPage.swift in Sources */,
				C0792B392542DD9C00A40B69 /* AccountView.swift in Sources */,
				C0DF56272551202600F5A761 /* PieChartCellModels.swift in Sources */,
				C0792B3C2542DDAE00A40B69 /* MainView.swift in Sources */,
				C09BABA82542844A00C985AA /* DataModel.swift in Sources */,
				7F25BF072551EFC5006932BC /* RKHoursMinutesPicker.swift in Sources */,
				C0DF563E255121B600F5A761 /* PieChartCell.swift in Sources */,
				7F25BEF42551EF98006932BC /* RKWeeklyPage.swift in Sources */,
				C0DF56262551202600F5A761 /* PieChart.swift in Sources */,
				C0792B292542DB9800A40B69 /* TriageListView.swift in Sources */,
				C09BABAC2542893900C985AA /* Algorithm.swift in Sources */,
				C0792B2D2542DBDD00A40B69 /* AccountData.swift in Sources */,
				7F25BF052551EFC5006932BC /* RKManager.swift in Sources */,
				C0DF56252551202600F5A761 /* NewHistoryView.swift in Sources */,
				C0792B2E2542DBDD00A40B69 /* Triage.swift in Sources */,
				7F25BF0B2551EFC5006932BC /* RKSelectionMode.swift in Sources */,
				C0AA0D9225529EE100D9FD1D /* QuestionList.swift in Sources */,
				C0AA0D9425529EE100D9FD1D /* CloseButton.swift in Sources */,
				C08AAAD92543C7B40001AFEA /* PatientDetailView.swift in Sources */,
				8D99A43F25416E6A006FF45A /* Persistence.swift in Sources */,
				C0792B362542DD9300A40B69 /* AddView.swift in Sources */,
				7F25BF0C2551EFC5006932BC /* RKTimeView.swift in Sources */,
				C0AA0D5825529D1500D9FD1D /* QuestionModel.swift in Sources */,
				7F25BF082551EFC5006932BC /* RKViewController.swift in Sources */,
				C0AA0D9625529EE100D9FD1D /* PatientNumberInput.swift in Sources */,
				C0AA0D9525529EE100D9FD1D /* OptionsCell.swift in Sources */,
				8D99A43825416E67006FF45A /* ContentView.swift in Sources */,
				8D4A70A02548166E004035A0 /* FirestoreController.swift in Sources */,
				C0E147B02545828000189E2E /* Interface.swift in Sources */,
				7F25BF062551EFC5006932BC /* RKColorSettings.swift in Sources */,
				C0236FAE2548FCED004A1635 /* ListAllView.swift in Sources */,
				8D71830E2548D4D00004E139 /* RealtimeDBController.swift in Sources */,
				C0792B312542DC1200A40B69 /* ReportView.swift in Sources */,
				7F25BF022551EFC5006932BC /* RKMonth.swift in Sources */,
				7F25BF032551EFC5006932BC /* RKWeekdayHeader.swift in Sources */,
				C0AA0D5925529D1500D9FD1D /* HexToColor.swift in Sources */,
				C0DF559325502ACB00F5A761 /* Profile.swift in Sources */,
				C0AA0D9325529EE100D9FD1D /* PatientNameInput.swift in Sources */,
				7F25BF092551EFC5006932BC /* RKMonthHeader.swift in Sources */,
				C08AAADD2543E57F0001AFEA /* NameCensor.swift in Sources */,
				8D99A44225416E6A006FF45A /* triafriends.xcdatamodeld in Sources */,
				C0AA0D9725529EE100D9FD1D /* TempView.swift in Sources */,
				7F25BF0A2551EFC5006932BC /* RKDate.swift in Sources */,
				7F25BF042551EFC5006932BC /* RKCell.swift in Sources */,
			);
			runOnlyForDeploymentPostprocessing = 0;
		};
/* End PBXSourcesBuildPhase section */

/* Begin XCBuildConfiguration section */
		8D99A44425416E6A006FF45A /* Debug */ = {
			isa = XCBuildConfiguration;
			buildSettings = {
				ALWAYS_SEARCH_USER_PATHS = NO;
				CLANG_ANALYZER_NONNULL = YES;
				CLANG_ANALYZER_NUMBER_OBJECT_CONVERSION = YES_AGGRESSIVE;
				CLANG_CXX_LANGUAGE_STANDARD = "gnu++14";
				CLANG_CXX_LIBRARY = "libc++";
				CLANG_ENABLE_MODULES = YES;
				CLANG_ENABLE_OBJC_ARC = YES;
				CLANG_ENABLE_OBJC_WEAK = YES;
				CLANG_WARN_BLOCK_CAPTURE_AUTORELEASING = YES;
				CLANG_WARN_BOOL_CONVERSION = YES;
				CLANG_WARN_COMMA = YES;
				CLANG_WARN_CONSTANT_CONVERSION = YES;
				CLANG_WARN_DEPRECATED_OBJC_IMPLEMENTATIONS = YES;
				CLANG_WARN_DIRECT_OBJC_ISA_USAGE = YES_ERROR;
				CLANG_WARN_DOCUMENTATION_COMMENTS = YES;
				CLANG_WARN_EMPTY_BODY = YES;
				CLANG_WARN_ENUM_CONVERSION = YES;
				CLANG_WARN_INFINITE_RECURSION = YES;
				CLANG_WARN_INT_CONVERSION = YES;
				CLANG_WARN_NON_LITERAL_NULL_CONVERSION = YES;
				CLANG_WARN_OBJC_IMPLICIT_RETAIN_SELF = YES;
				CLANG_WARN_OBJC_LITERAL_CONVERSION = YES;
				CLANG_WARN_OBJC_ROOT_CLASS = YES_ERROR;
				CLANG_WARN_QUOTED_INCLUDE_IN_FRAMEWORK_HEADER = YES;
				CLANG_WARN_RANGE_LOOP_ANALYSIS = YES;
				CLANG_WARN_STRICT_PROTOTYPES = YES;
				CLANG_WARN_SUSPICIOUS_MOVE = YES;
				CLANG_WARN_UNGUARDED_AVAILABILITY = YES_AGGRESSIVE;
				CLANG_WARN_UNREACHABLE_CODE = YES;
				CLANG_WARN__DUPLICATE_METHOD_MATCH = YES;
				COPY_PHASE_STRIP = NO;
				DEBUG_INFORMATION_FORMAT = dwarf;
				ENABLE_STRICT_OBJC_MSGSEND = YES;
				ENABLE_TESTABILITY = YES;
				GCC_C_LANGUAGE_STANDARD = gnu11;
				GCC_DYNAMIC_NO_PIC = NO;
				GCC_NO_COMMON_BLOCKS = YES;
				GCC_OPTIMIZATION_LEVEL = 0;
				GCC_PREPROCESSOR_DEFINITIONS = (
					"DEBUG=1",
					"$(inherited)",
				);
				GCC_WARN_64_TO_32_BIT_CONVERSION = YES;
				GCC_WARN_ABOUT_RETURN_TYPE = YES_ERROR;
				GCC_WARN_UNDECLARED_SELECTOR = YES;
				GCC_WARN_UNINITIALIZED_AUTOS = YES_AGGRESSIVE;
				GCC_WARN_UNUSED_FUNCTION = YES;
				GCC_WARN_UNUSED_VARIABLE = YES;
				IPHONEOS_DEPLOYMENT_TARGET = 14.1;
				MTL_ENABLE_DEBUG_INFO = INCLUDE_SOURCE;
				MTL_FAST_MATH = YES;
				ONLY_ACTIVE_ARCH = YES;
				SDKROOT = iphoneos;
				SWIFT_ACTIVE_COMPILATION_CONDITIONS = DEBUG;
				SWIFT_OPTIMIZATION_LEVEL = "-Onone";
			};
			name = Debug;
		};
		8D99A44525416E6A006FF45A /* Release */ = {
			isa = XCBuildConfiguration;
			buildSettings = {
				ALWAYS_SEARCH_USER_PATHS = NO;
				CLANG_ANALYZER_NONNULL = YES;
				CLANG_ANALYZER_NUMBER_OBJECT_CONVERSION = YES_AGGRESSIVE;
				CLANG_CXX_LANGUAGE_STANDARD = "gnu++14";
				CLANG_CXX_LIBRARY = "libc++";
				CLANG_ENABLE_MODULES = YES;
				CLANG_ENABLE_OBJC_ARC = YES;
				CLANG_ENABLE_OBJC_WEAK = YES;
				CLANG_WARN_BLOCK_CAPTURE_AUTORELEASING = YES;
				CLANG_WARN_BOOL_CONVERSION = YES;
				CLANG_WARN_COMMA = YES;
				CLANG_WARN_CONSTANT_CONVERSION = YES;
				CLANG_WARN_DEPRECATED_OBJC_IMPLEMENTATIONS = YES;
				CLANG_WARN_DIRECT_OBJC_ISA_USAGE = YES_ERROR;
				CLANG_WARN_DOCUMENTATION_COMMENTS = YES;
				CLANG_WARN_EMPTY_BODY = YES;
				CLANG_WARN_ENUM_CONVERSION = YES;
				CLANG_WARN_INFINITE_RECURSION = YES;
				CLANG_WARN_INT_CONVERSION = YES;
				CLANG_WARN_NON_LITERAL_NULL_CONVERSION = YES;
				CLANG_WARN_OBJC_IMPLICIT_RETAIN_SELF = YES;
				CLANG_WARN_OBJC_LITERAL_CONVERSION = YES;
				CLANG_WARN_OBJC_ROOT_CLASS = YES_ERROR;
				CLANG_WARN_QUOTED_INCLUDE_IN_FRAMEWORK_HEADER = YES;
				CLANG_WARN_RANGE_LOOP_ANALYSIS = YES;
				CLANG_WARN_STRICT_PROTOTYPES = YES;
				CLANG_WARN_SUSPICIOUS_MOVE = YES;
				CLANG_WARN_UNGUARDED_AVAILABILITY = YES_AGGRESSIVE;
				CLANG_WARN_UNREACHABLE_CODE = YES;
				CLANG_WARN__DUPLICATE_METHOD_MATCH = YES;
				COPY_PHASE_STRIP = NO;
				DEBUG_INFORMATION_FORMAT = "dwarf-with-dsym";
				ENABLE_NS_ASSERTIONS = NO;
				ENABLE_STRICT_OBJC_MSGSEND = YES;
				GCC_C_LANGUAGE_STANDARD = gnu11;
				GCC_NO_COMMON_BLOCKS = YES;
				GCC_WARN_64_TO_32_BIT_CONVERSION = YES;
				GCC_WARN_ABOUT_RETURN_TYPE = YES_ERROR;
				GCC_WARN_UNDECLARED_SELECTOR = YES;
				GCC_WARN_UNINITIALIZED_AUTOS = YES_AGGRESSIVE;
				GCC_WARN_UNUSED_FUNCTION = YES;
				GCC_WARN_UNUSED_VARIABLE = YES;
				IPHONEOS_DEPLOYMENT_TARGET = 14.1;
				MTL_ENABLE_DEBUG_INFO = NO;
				MTL_FAST_MATH = YES;
				SDKROOT = iphoneos;
				SWIFT_COMPILATION_MODE = wholemodule;
				SWIFT_OPTIMIZATION_LEVEL = "-O";
				VALIDATE_PRODUCT = YES;
			};
			name = Release;
		};
		8D99A44725416E6A006FF45A /* Debug */ = {
			isa = XCBuildConfiguration;
			baseConfigurationReference = 4C6127170F74B0721A47E023 /* Pods-triafriends.debug.xcconfig */;
			buildSettings = {
				ASSETCATALOG_COMPILER_APPICON_NAME = AppIcon;
				ASSETCATALOG_COMPILER_GLOBAL_ACCENT_COLOR_NAME = AccentColor;
				CODE_SIGN_ENTITLEMENTS = triafriends/triafriends.entitlements;
				CODE_SIGN_IDENTITY = "Apple Development";
				CODE_SIGN_STYLE = Automatic;
				DEVELOPMENT_ASSET_PATHS = "\"triafriends/Preview Content\"";
				DEVELOPMENT_TEAM = Z5A6SFMQ64;
				ENABLE_PREVIEWS = YES;
				INFOPLIST_FILE = triafriends/Info.plist;
				IPHONEOS_DEPLOYMENT_TARGET = 14.0;
				LD_RUNPATH_SEARCH_PATHS = (
					"$(inherited)",
					"@executable_path/Frameworks",
				);
				PRODUCT_BUNDLE_IDENTIFIER = com.sahara.triafriends;
				PRODUCT_NAME = "$(TARGET_NAME)";
				PROVISIONING_PROFILE_SPECIFIER = "";
				SWIFT_VERSION = 5.0;
				TARGETED_DEVICE_FAMILY = "1,2";
			};
			name = Debug;
		};
		8D99A44825416E6A006FF45A /* Release */ = {
			isa = XCBuildConfiguration;
			baseConfigurationReference = 062E80ABC5839FF5E3B82C40 /* Pods-triafriends.release.xcconfig */;
			buildSettings = {
				ASSETCATALOG_COMPILER_APPICON_NAME = AppIcon;
				ASSETCATALOG_COMPILER_GLOBAL_ACCENT_COLOR_NAME = AccentColor;
				CODE_SIGN_ENTITLEMENTS = triafriends/triafriends.entitlements;
				CODE_SIGN_IDENTITY = "Apple Development";
				CODE_SIGN_STYLE = Automatic;
				DEVELOPMENT_ASSET_PATHS = "\"triafriends/Preview Content\"";
				DEVELOPMENT_TEAM = Z5A6SFMQ64;
				ENABLE_PREVIEWS = YES;
				INFOPLIST_FILE = triafriends/Info.plist;
				IPHONEOS_DEPLOYMENT_TARGET = 14.0;
				LD_RUNPATH_SEARCH_PATHS = (
					"$(inherited)",
					"@executable_path/Frameworks",
				);
				PRODUCT_BUNDLE_IDENTIFIER = com.sahara.triafriends;
				PRODUCT_NAME = "$(TARGET_NAME)";
				PROVISIONING_PROFILE_SPECIFIER = "";
				SWIFT_VERSION = 5.0;
				TARGETED_DEVICE_FAMILY = "1,2";
			};
			name = Release;
		};
/* End XCBuildConfiguration section */

/* Begin XCConfigurationList section */
		8D99A42D25416E67006FF45A /* Build configuration list for PBXProject "triafriends" */ = {
			isa = XCConfigurationList;
			buildConfigurations = (
				8D99A44425416E6A006FF45A /* Debug */,
				8D99A44525416E6A006FF45A /* Release */,
			);
			defaultConfigurationIsVisible = 0;
			defaultConfigurationName = Release;
		};
		8D99A44625416E6A006FF45A /* Build configuration list for PBXNativeTarget "triafriends" */ = {
			isa = XCConfigurationList;
			buildConfigurations = (
				8D99A44725416E6A006FF45A /* Debug */,
				8D99A44825416E6A006FF45A /* Release */,
			);
			defaultConfigurationIsVisible = 0;
			defaultConfigurationName = Release;
		};
/* End XCConfigurationList section */

/* Begin XCVersionGroup section */
		8D99A44025416E6A006FF45A /* triafriends.xcdatamodeld */ = {
			isa = XCVersionGroup;
			children = (
				8D99A44125416E6A006FF45A /* triafriends.xcdatamodel */,
			);
			currentVersion = 8D99A44125416E6A006FF45A /* triafriends.xcdatamodel */;
			path = triafriends.xcdatamodeld;
			sourceTree = "<group>";
			versionGroupType = wrapper.xcdatamodel;
		};
/* End XCVersionGroup section */
	};
	rootObject = 8D99A42A25416E67006FF45A /* Project object */;
}
